{
    "_meta": {
        "hash": {
            "sha256": "ea8bfdcefdb8c7af34fec3a1f3791ceabbe04c21d4841eb605acf9bfa65f71fb"
        },
        "pipfile-spec": 6,
        "requires": {
            "python_version": "3.6"
        },
        "sources": [
            {
                "name": "pypi",
                "url": "https://pypi.python.org/simple",
                "verify_ssl": true
            }
        ]
    },
    "default": {
        "72eb2aa": {
            "extras": [
                "voice"
            ],
            "file": "https://github.com/Rapptz/discord.py/archive/rewrite.zip"
        },
        "click": {
            "hashes": [
                "sha256:29f99fc6125fbc931b758dc053b3114e55c77a6e4c6c3a2674a2dc986016381d",
                "sha256:f15516df478d5a56180fbf80e68f206010e6d160fc39fa508b65e035fd75130b"
            ],
            "version": "==6.7"
        },
        "python-dotenv": {
            "hashes": [
                "sha256:2a0073a6f7a10156de2ab7d8c2399b5e86ac61786206f6e1b4a1fcad92fa2dd1",
                "sha256:2bfeb2ce1b5d1ce46ecdce5c9d55e4976ca403fdcc251b4870e5c0647d0dce67"
            ],
            "version": "==0.8.0"
        }
    },
    "develop": {}
}
